
Microsoft Visual Studio Solution File, Format Version 12.00
# Visual Studio Version 16
VisualStudioVersion = 16.0.29613.14
MinimumVisualStudioVersion = 10.0.40219.1
Project("{FAE04EC0-301F-11D3-BF4B-00C04F79EFBC}") = "HillClimberLineBestFit", "HillClimberLineBestFit\HillClimberLineBestFit.csproj", "{FB05612F-EF73-4B6D-9B5C-4184E9058005}"
EndProject
Global
	GlobalSection(SolutionConfigurationPlatforms) = preSolution
		Debug|Any CPU = Debug|Any CPU
		Release|Any CPU = Release|Any CPU
	EndGlobalSection
	GlobalSection(ProjectConfigurationPlatforms) = postSolution
		{FB05612F-EF73-4B6D-9B5C-4184E9058005}.Debug|Any CPU.ActiveCfg = Debug|Any CPU
		{FB05612F-EF73-4B6D-9B5C-4184E9058005}.Debug|Any CPU.Build.0 = Debug|Any CPU
		{FB05612F-EF73-4B6D-9B5C-4184E9058005}.Release|Any CPU.ActiveCfg = Release|Any CPU
		{FB05612F-EF73-4B6D-9B5C-4184E9058005}.Release|Any CPU.Build.0 = Release|Any CPU
	EndGlobalSection
	GlobalSection(SolutionProperties) = preSolution
		HideSolutionNode = FALSE
	EndGlobalSection
	GlobalSection(ExtensibilityGlobals) = postSolution
		SolutionGuid = {885C7BDA-5E4F-4065-AD9A-AFF1E216D82D}
	EndGlobalSection
EndGlobal
